// !$*UTF8*$!
{
	archiveVersion = 1;
	classes = {
	};
	objectVersion = 51;
	objects = {

/* Begin PBXBuildFile section */
		3D8D425FF9EFEF8385DC6EBD /* Pods_Test_ResponseEvent.framework in Frameworks */ = {isa = PBXBuildFile; fileRef = 4CCFF34485D6BAC746B3A50E /* Pods_Test_ResponseEvent.framework */; };
		4933DAB725A078AF00892FE3 /* ReadWirteLocking.swift in Sources */ = {isa = PBXBuildFile; fileRef = 4933DAB625A078AF00892FE3 /* ReadWirteLocking.swift */; };
		49E8BFA7259B771B00ECFD0B /* TreeNode.swift in Sources */ = {isa = PBXBuildFile; fileRef = 49E8BFA6259B771B00ECFD0B /* TreeNode.swift */; };
		7F21CD2924552BB7000DB8E5 /* AppDelegate.swift in Sources */ = {isa = PBXBuildFile; fileRef = 7F21CD2824552BB7000DB8E5 /* AppDelegate.swift */; };
		7F21CD2D24552BB7000DB8E5 /* ViewController.swift in Sources */ = {isa = PBXBuildFile; fileRef = 7F21CD2C24552BB7000DB8E5 /* ViewController.swift */; };
		7F21CD3024552BB7000DB8E5 /* Main.storyboard in Resources */ = {isa = PBXBuildFile; fileRef = 7F21CD2E24552BB7000DB8E5 /* Main.storyboard */; };
		7F21CD3224552BBB000DB8E5 /* Assets.xcassets in Resources */ = {isa = PBXBuildFile; fileRef = 7F21CD3124552BBB000DB8E5 /* Assets.xcassets */; };
		7F21CD3524552BBB000DB8E5 /* LaunchScreen.storyboard in Resources */ = {isa = PBXBuildFile; fileRef = 7F21CD3324552BBB000DB8E5 /* LaunchScreen.storyboard */; };
		7F771F8424628F2200B8ABD1 /* TestView.swift in Sources */ = {isa = PBXBuildFile; fileRef = 7F771F8324628F2200B8ABD1 /* TestView.swift */; };
		7F771F862463A8BC00B8ABD1 /* BaseExtensions.swift in Sources */ = {isa = PBXBuildFile; fileRef = 7F771F852463A8BC00B8ABD1 /* BaseExtensions.swift */; };
		7F771F892463A92800B8ABD1 /* ToolClass.swift in Sources */ = {isa = PBXBuildFile; fileRef = 7F771F882463A92800B8ABD1 /* ToolClass.swift */; };
		7F771F8B2463A94000B8ABD1 /* EnumSet.swift in Sources */ = {isa = PBXBuildFile; fileRef = 7F771F8A2463A94000B8ABD1 /* EnumSet.swift */; };
		7F771F922466538700B8ABD1 /* Delegates.swift in Sources */ = {isa = PBXBuildFile; fileRef = 7F771F912466538700B8ABD1 /* Delegates.swift */; };
		7F771F942466904A00B8ABD1 /* SecondViewController.swift in Sources */ = {isa = PBXBuildFile; fileRef = 7F771F932466904A00B8ABD1 /* SecondViewController.swift */; };
		9CB0B2A4259B114500FD6390 /* ListNode.swift in Sources */ = {isa = PBXBuildFile; fileRef = 9CB0B2A3259B114500FD6390 /* ListNode.swift */; };
		9CB0B2AC259C4E7500FD6390 /* AboutOptimization.swift in Sources */ = {isa = PBXBuildFile; fileRef = 9CB0B2AB259C4E7500FD6390 /* AboutOptimization.swift */; };
		F536C84025CD4E9B001228D5 /* String + Extensions.swift in Sources */ = {isa = PBXBuildFile; fileRef = F536C83F25CD4E9B001228D5 /* String + Extensions.swift */; };
		F5F1607425CD4DD40005BDA3 /* UIView + Extensions.swift in Sources */ = {isa = PBXBuildFile; fileRef = F5F1607325CD4DD40005BDA3 /* UIView + Extensions.swift */; };
/* End PBXBuildFile section */

/* Begin PBXFileReference section */
		225A770B1D7C7E3F4C8D9DD3 /* Pods-Test_ResponseEvent.debug.xcconfig */ = {isa = PBXFileReference; includeInIndex = 1; lastKnownFileType = text.xcconfig; name = "Pods-Test_ResponseEvent.debug.xcconfig"; path = "Target Support Files/Pods-Test_ResponseEvent/Pods-Test_ResponseEvent.debug.xcconfig"; sourceTree = "<group>"; };
		2A3D0A5A160C9927395885D6 /* Pods-Test_ResponseEvent.release.xcconfig */ = {isa = PBXFileReference; includeInIndex = 1; lastKnownFileType = text.xcconfig; name = "Pods-Test_ResponseEvent.release.xcconfig"; path = "Target Support Files/Pods-Test_ResponseEvent/Pods-Test_ResponseEvent.release.xcconfig"; sourceTree = "<group>"; };
		4933DAB625A078AF00892FE3 /* ReadWirteLocking.swift */ = {isa = PBXFileReference; fileEncoding = 4; lastKnownFileType = sourcecode.swift; path = ReadWirteLocking.swift; sourceTree = "<group>"; };
		49E8BFA6259B771B00ECFD0B /* TreeNode.swift */ = {isa = PBXFileReference; lastKnownFileType = sourcecode.swift; path = TreeNode.swift; sourceTree = "<group>"; };
		4CCFF34485D6BAC746B3A50E /* Pods_Test_ResponseEvent.framework */ = {isa = PBXFileReference; explicitFileType = wrapper.framework; includeInIndex = 0; path = Pods_Test_ResponseEvent.framework; sourceTree = BUILT_PRODUCTS_DIR; };
		7F21CD2524552BB7000DB8E5 /* Test_ResponseEvent.app */ = {isa = PBXFileReference; explicitFileType = wrapper.application; includeInIndex = 0; path = Test_ResponseEvent.app; sourceTree = BUILT_PRODUCTS_DIR; };
		7F21CD2824552BB7000DB8E5 /* AppDelegate.swift */ = {isa = PBXFileReference; lastKnownFileType = sourcecode.swift; path = AppDelegate.swift; sourceTree = "<group>"; };
		7F21CD2C24552BB7000DB8E5 /* ViewController.swift */ = {isa = PBXFileReference; lastKnownFileType = sourcecode.swift; path = ViewController.swift; sourceTree = "<group>"; };
		7F21CD2F24552BB7000DB8E5 /* Base */ = {isa = PBXFileReference; lastKnownFileType = file.storyboard; name = Base; path = Base.lproj/Main.storyboard; sourceTree = "<group>"; };
		7F21CD3124552BBB000DB8E5 /* Assets.xcassets */ = {isa = PBXFileReference; lastKnownFileType = folder.assetcatalog; path = Assets.xcassets; sourceTree = "<group>"; };
		7F21CD3424552BBB000DB8E5 /* Base */ = {isa = PBXFileReference; lastKnownFileType = file.storyboard; name = Base; path = Base.lproj/LaunchScreen.storyboard; sourceTree = "<group>"; };
		7F21CD3624552BBB000DB8E5 /* Info.plist */ = {isa = PBXFileReference; lastKnownFileType = text.plist.xml; path = Info.plist; sourceTree = "<group>"; };
		7F771F8324628F2200B8ABD1 /* TestView.swift */ = {isa = PBXFileReference; lastKnownFileType = sourcecode.swift; path = TestView.swift; sourceTree = "<group>"; };
		7F771F852463A8BC00B8ABD1 /* BaseExtensions.swift */ = {isa = PBXFileReference; fileEncoding = 4; lastKnownFileType = sourcecode.swift; path = BaseExtensions.swift; sourceTree = "<group>"; };
		7F771F882463A92800B8ABD1 /* ToolClass.swift */ = {isa = PBXFileReference; fileEncoding = 4; lastKnownFileType = sourcecode.swift; path = ToolClass.swift; sourceTree = "<group>"; };
		7F771F8A2463A94000B8ABD1 /* EnumSet.swift */ = {isa = PBXFileReference; fileEncoding = 4; lastKnownFileType = sourcecode.swift; path = EnumSet.swift; sourceTree = "<group>"; };
		7F771F8D24664E7200B8ABD1 /* Test_ResponseEvent-Bridging-Header.h */ = {isa = PBXFileReference; lastKnownFileType = sourcecode.c.h; path = "Test_ResponseEvent-Bridging-Header.h"; sourceTree = "<group>"; };
		7F771F912466538700B8ABD1 /* Delegates.swift */ = {isa = PBXFileReference; lastKnownFileType = sourcecode.swift; path = Delegates.swift; sourceTree = "<group>"; };
		7F771F932466904A00B8ABD1 /* SecondViewController.swift */ = {isa = PBXFileReference; lastKnownFileType = sourcecode.swift; path = SecondViewController.swift; sourceTree = "<group>"; };
		9CB0B2A3259B114500FD6390 /* ListNode.swift */ = {isa = PBXFileReference; lastKnownFileType = sourcecode.swift; path = ListNode.swift; sourceTree = "<group>"; };
		9CB0B2AB259C4E7500FD6390 /* AboutOptimization.swift */ = {isa = PBXFileReference; lastKnownFileType = sourcecode.swift; path = AboutOptimization.swift; sourceTree = "<group>"; };
		F536C83F25CD4E9B001228D5 /* String + Extensions.swift */ = {isa = PBXFileReference; lastKnownFileType = sourcecode.swift; path = "String + Extensions.swift"; sourceTree = "<group>"; };
		F5F1607325CD4DD40005BDA3 /* UIView + Extensions.swift */ = {isa = PBXFileReference; lastKnownFileType = sourcecode.swift; path = "UIView + Extensions.swift"; sourceTree = "<group>"; };
/* End PBXFileReference section */

/* Begin PBXFrameworksBuildPhase section */
		7F21CD2224552BB7000DB8E5 /* Frameworks */ = {
			isa = PBXFrameworksBuildPhase;
			buildActionMask = 2147483647;
			files = (
				3D8D425FF9EFEF8385DC6EBD /* Pods_Test_ResponseEvent.framework in Frameworks */,
			);
			runOnlyForDeploymentPostprocessing = 0;
		};
/* End PBXFrameworksBuildPhase section */

/* Begin PBXGroup section */
		3B72CF8E6C30E997953E8595 /* Pods */ = {
			isa = PBXGroup;
			children = (
				225A770B1D7C7E3F4C8D9DD3 /* Pods-Test_ResponseEvent.debug.xcconfig */,
				2A3D0A5A160C9927395885D6 /* Pods-Test_ResponseEvent.release.xcconfig */,
			);
			path = Pods;
			sourceTree = "<group>";
		};
		749501137EA9137E660EAF5F /* Frameworks */ = {
			isa = PBXGroup;
			children = (
				4CCFF34485D6BAC746B3A50E /* Pods_Test_ResponseEvent.framework */,
			);
			name = Frameworks;
			sourceTree = "<group>";
		};
		7F21CD1C24552BB7000DB8E5 = {
			isa = PBXGroup;
			children = (
				7F21CD2724552BB7000DB8E5 /* Test_ResponseEvent */,
				7F21CD2624552BB7000DB8E5 /* Products */,
				3B72CF8E6C30E997953E8595 /* Pods */,
				749501137EA9137E660EAF5F /* Frameworks */,
			);
			sourceTree = "<group>";
		};
		7F21CD2624552BB7000DB8E5 /* Products */ = {
			isa = PBXGroup;
			children = (
				7F21CD2524552BB7000DB8E5 /* Test_ResponseEvent.app */,
			);
			name = Products;
			sourceTree = "<group>";
		};
		7F21CD2724552BB7000DB8E5 /* Test_ResponseEvent */ = {
			isa = PBXGroup;
			children = (
				7F21CD2824552BB7000DB8E5 /* AppDelegate.swift */,
				7F771F8C24664DC400B8ABD1 /* Resources */,
				7F771F872463A8E100B8ABD1 /* BasicTools */,
				F5F1607225CD4DA80005BDA3 /* Extensions */,
				7F771F90246652F100B8ABD1 /* TestFiles */,
				7F21CD2C24552BB7000DB8E5 /* ViewController.swift */,
				7F771F932466904A00B8ABD1 /* SecondViewController.swift */,
				7F771F8324628F2200B8ABD1 /* TestView.swift */,
				7F21CD2E24552BB7000DB8E5 /* Main.storyboard */,
				7F21CD3124552BBB000DB8E5 /* Assets.xcassets */,
				7F21CD3324552BBB000DB8E5 /* LaunchScreen.storyboard */,
				7F21CD3624552BBB000DB8E5 /* Info.plist */,
			);
			path = Test_ResponseEvent;
			sourceTree = "<group>";
		};
		7F771F872463A8E100B8ABD1 /* BasicTools */ = {
			isa = PBXGroup;
			children = (
				7F771F8A2463A94000B8ABD1 /* EnumSet.swift */,
				7F771F882463A92800B8ABD1 /* ToolClass.swift */,
			);
			path = BasicTools;
			sourceTree = "<group>";
		};
		7F771F8C24664DC400B8ABD1 /* Resources */ = {
			isa = PBXGroup;
			children = (
				7F771F8D24664E7200B8ABD1 /* Test_ResponseEvent-Bridging-Header.h */,
			);
			path = Resources;
			sourceTree = "<group>";
		};
		7F771F90246652F100B8ABD1 /* TestFiles */ = {
			isa = PBXGroup;
			children = (
				7F771F912466538700B8ABD1 /* Delegates.swift */,
				9CB0B2A3259B114500FD6390 /* ListNode.swift */,
				49E8BFA6259B771B00ECFD0B /* TreeNode.swift */,
				4933DAB625A078AF00892FE3 /* ReadWirteLocking.swift */,
				9CB0B2AB259C4E7500FD6390 /* AboutOptimization.swift */,
			);
			path = TestFiles;
			sourceTree = "<group>";
		};
		F5F1607225CD4DA80005BDA3 /* Extensions */ = {
			isa = PBXGroup;
			children = (
				7F771F852463A8BC00B8ABD1 /* BaseExtensions.swift */,
				F5F1607325CD4DD40005BDA3 /* UIView + Extensions.swift */,
				F536C83F25CD4E9B001228D5 /* String + Extensions.swift */,
			);
			path = Extensions;
			sourceTree = "<group>";
		};
/* End PBXGroup section */

/* Begin PBXNativeTarget section */
		7F21CD2424552BB7000DB8E5 /* Test_ResponseEvent */ = {
			isa = PBXNativeTarget;
			buildConfigurationList = 7F21CD4F24552BBB000DB8E5 /* Build configuration list for PBXNativeTarget "Test_ResponseEvent" */;
			buildPhases = (
				289161141A261F531600B137 /* [CP] Check Pods Manifest.lock */,
				7F21CD2124552BB7000DB8E5 /* Sources */,
				7F21CD2224552BB7000DB8E5 /* Frameworks */,
				7F21CD2324552BB7000DB8E5 /* Resources */,
				133C22BB138D5138EB696B9D /* [CP] Embed Pods Frameworks */,
			);
			buildRules = (
			);
			dependencies = (
			);
			name = Test_ResponseEvent;
			productName = Test_ResponseEvent;
			productReference = 7F21CD2524552BB7000DB8E5 /* Test_ResponseEvent.app */;
			productType = "com.apple.product-type.application";
		};
/* End PBXNativeTarget section */

/* Begin PBXProject section */
		7F21CD1D24552BB7000DB8E5 /* Project object */ = {
			isa = PBXProject;
			attributes = {
				LastSwiftUpdateCheck = 1140;
				LastUpgradeCheck = 1230;
				ORGANIZATIONNAME = "Young Robine";
				TargetAttributes = {
					7F21CD2424552BB7000DB8E5 = {
						CreatedOnToolsVersion = 11.4.1;
						LastSwiftMigration = 1140;
					};
				};
			};
			buildConfigurationList = 7F21CD2024552BB7000DB8E5 /* Build configuration list for PBXProject "Test_ResponseEvent" */;
			compatibilityVersion = "Xcode 9.3";
			developmentRegion = en;
			hasScannedForEncodings = 0;
			knownRegions = (
				en,
				Base,
			);
			mainGroup = 7F21CD1C24552BB7000DB8E5;
			productRefGroup = 7F21CD2624552BB7000DB8E5 /* Products */;
			projectDirPath = "";
			projectRoot = "";
			targets = (
				7F21CD2424552BB7000DB8E5 /* Test_ResponseEvent */,
			);
		};
/* End PBXProject section */

/* Begin PBXResourcesBuildPhase section */
		7F21CD2324552BB7000DB8E5 /* Resources */ = {
			isa = PBXResourcesBuildPhase;
			buildActionMask = 2147483647;
			files = (
				7F21CD3524552BBB000DB8E5 /* LaunchScreen.storyboard in Resources */,
				7F21CD3224552BBB000DB8E5 /* Assets.xcassets in Resources */,
				7F21CD3024552BB7000DB8E5 /* Main.storyboard in Resources */,
			);
			runOnlyForDeploymentPostprocessing = 0;
		};
/* End PBXResourcesBuildPhase section */

/* Begin PBXShellScriptBuildPhase section */
		133C22BB138D5138EB696B9D /* [CP] Embed Pods Frameworks */ = {
			isa = PBXShellScriptBuildPhase;
			buildActionMask = 2147483647;
			files = (
			);
			inputFileListPaths = (
				"${PODS_ROOT}/Target Support Files/Pods-Test_ResponseEvent/Pods-Test_ResponseEvent-frameworks-${CONFIGURATION}-input-files.xcfilelist",
			);
			name = "[CP] Embed Pods Frameworks";
			outputFileListPaths = (
				"${PODS_ROOT}/Target Support Files/Pods-Test_ResponseEvent/Pods-Test_ResponseEvent-frameworks-${CONFIGURATION}-output-files.xcfilelist",
			);
			runOnlyForDeploymentPostprocessing = 0;
			shellPath = /bin/sh;
			shellScript = "\"${PODS_ROOT}/Target Support Files/Pods-Test_ResponseEvent/Pods-Test_ResponseEvent-frameworks.sh\"\n";
			showEnvVarsInLog = 0;
		};
		289161141A261F531600B137 /* [CP] Check Pods Manifest.lock */ = {
			isa = PBXShellScriptBuildPhase;
			buildActionMask = 2147483647;
			files = (
			);
			inputFileListPaths = (
			);
			inputPaths = (
				"${PODS_PODFILE_DIR_PATH}/Podfile.lock",
				"${PODS_ROOT}/Manifest.lock",
			);
			name = "[CP] Check Pods Manifest.lock";
			outputFileListPaths = (
			);
			outputPaths = (
				"$(DERIVED_FILE_DIR)/Pods-Test_ResponseEvent-checkManifestLockResult.txt",
			);
			runOnlyForDeploymentPostprocessing = 0;
			shellPath = /bin/sh;
			shellScript = "diff \"${PODS_PODFILE_DIR_PATH}/Podfile.lock\" \"${PODS_ROOT}/Manifest.lock\" > /dev/null\nif [ $? != 0 ] ; then\n    # print error to STDERR\n    echo \"error: The sandbox is not in sync with the Podfile.lock. Run 'pod install' or update your CocoaPods installation.\" >&2\n    exit 1\nfi\n# This output is used by Xcode 'outputs' to avoid re-running this script phase.\necho \"SUCCESS\" > \"${SCRIPT_OUTPUT_FILE_0}\"\n";
			showEnvVarsInLog = 0;
		};
/* End PBXShellScriptBuildPhase section */

/* Begin PBXSourcesBuildPhase section */
		7F21CD2124552BB7000DB8E5 /* Sources */ = {
			isa = PBXSourcesBuildPhase;
			buildActionMask = 2147483647;
			files = (
				7F771F942466904A00B8ABD1 /* SecondViewController.swift in Sources */,
				7F771F8424628F2200B8ABD1 /* TestView.swift in Sources */,
				F5F1607425CD4DD40005BDA3 /* UIView + Extensions.swift in Sources */,
				9CB0B2A4259B114500FD6390 /* ListNode.swift in Sources */,
				49E8BFA7259B771B00ECFD0B /* TreeNode.swift in Sources */,
				F536C84025CD4E9B001228D5 /* String + Extensions.swift in Sources */,
				7F21CD2D24552BB7000DB8E5 /* ViewController.swift in Sources */,
				7F771F922466538700B8ABD1 /* Delegates.swift in Sources */,
				7F771F862463A8BC00B8ABD1 /* BaseExtensions.swift in Sources */,
				4933DAB725A078AF00892FE3 /* ReadWirteLocking.swift in Sources */,
				9CB0B2AC259C4E7500FD6390 /* AboutOptimization.swift in Sources */,
				7F771F8B2463A94000B8ABD1 /* EnumSet.swift in Sources */,
				7F21CD2924552BB7000DB8E5 /* AppDelegate.swift in Sources */,
				7F771F892463A92800B8ABD1 /* ToolClass.swift in Sources */,
			);
			runOnlyForDeploymentPostprocessing = 0;
		};
/* End PBXSourcesBuildPhase section */

/* Begin PBXVariantGroup section */
		7F21CD2E24552BB7000DB8E5 /* Main.storyboard */ = {
			isa = PBXVariantGroup;
			children = (
				7F21CD2F24552BB7000DB8E5 /* Base */,
			);
			name = Main.storyboard;
			sourceTree = "<group>";
		};
		7F21CD3324552BBB000DB8E5 /* LaunchScreen.storyboard */ = {
			isa = PBXVariantGroup;
			children = (
				7F21CD3424552BBB000DB8E5 /* Base */,
			);
			name = LaunchScreen.storyboard;
			sourceTree = "<group>";
		};
/* End PBXVariantGroup section */

/* Begin XCBuildConfiguration section */
		7F21CD4D24552BBB000DB8E5 /* Debug */ = {
			isa = XCBuildConfiguration;
			buildSettings = {
				ALWAYS_SEARCH_USER_PATHS = NO;
				CLANG_ANALYZER_NONNULL = YES;
				CLANG_ANALYZER_NUMBER_OBJECT_CONVERSION = YES_AGGRESSIVE;
				CLANG_CXX_LANGUAGE_STANDARD = "gnu++14";
				CLANG_CXX_LIBRARY = "libc++";
				CLANG_ENABLE_MODULES = YES;
				CLANG_ENABLE_OBJC_ARC = YES;
				CLANG_ENABLE_OBJC_WEAK = YES;
				CLANG_WARN_BLOCK_CAPTURE_AUTORELEASING = YES;
				CLANG_WARN_BOOL_CONVERSION = YES;
				CLANG_WARN_COMMA = YES;
				CLANG_WARN_CONSTANT_CONVERSION = YES;
				CLANG_WARN_DEPRECATED_OBJC_IMPLEMENTATIONS = YES;
				CLANG_WARN_DIRECT_OBJC_ISA_USAGE = YES_ERROR;
				CLANG_WARN_DOCUMENTATION_COMMENTS = YES;
				CLANG_WARN_EMPTY_BODY = YES;
				CLANG_WARN_ENUM_CONVERSION = YES;
				CLANG_WARN_INFINITE_RECURSION = YES;
				CLANG_WARN_INT_CONVERSION = YES;
				CLANG_WARN_NON_LITERAL_NULL_CONVERSION = YES;
				CLANG_WARN_OBJC_IMPLICIT_RETAIN_SELF = YES;
				CLANG_WARN_OBJC_LITERAL_CONVERSION = YES;
				CLANG_WARN_OBJC_ROOT_CLASS = YES_ERROR;
				CLANG_WARN_QUOTED_INCLUDE_IN_FRAMEWORK_HEADER = YES;
				CLANG_WARN_RANGE_LOOP_ANALYSIS = YES;
				CLANG_WARN_STRICT_PROTOTYPES = YES;
				CLANG_WARN_SUSPICIOUS_MOVE = YES;
				CLANG_WARN_UNGUARDED_AVAILABILITY = YES_AGGRESSIVE;
				CLANG_WARN_UNREACHABLE_CODE = YES;
				CLANG_WARN__DUPLICATE_METHOD_MATCH = YES;
				COPY_PHASE_STRIP = NO;
				DEBUG_INFORMATION_FORMAT = dwarf;
				ENABLE_STRICT_OBJC_MSGSEND = YES;
				ENABLE_TESTABILITY = YES;
				GCC_C_LANGUAGE_STANDARD = gnu11;
				GCC_DYNAMIC_NO_PIC = NO;
				GCC_NO_COMMON_BLOCKS = YES;
				GCC_OPTIMIZATION_LEVEL = 0;
				GCC_PREPROCESSOR_DEFINITIONS = (
					"DEBUG=1",
					"$(inherited)",
				);
				GCC_WARN_64_TO_32_BIT_CONVERSION = YES;
				GCC_WARN_ABOUT_RETURN_TYPE = YES_ERROR;
				GCC_WARN_UNDECLARED_SELECTOR = YES;
				GCC_WARN_UNINITIALIZED_AUTOS = YES_AGGRESSIVE;
				GCC_WARN_UNUSED_FUNCTION = YES;
				GCC_WARN_UNUSED_VARIABLE = YES;
				IPHONEOS_DEPLOYMENT_TARGET = 13.4;
				MTL_ENABLE_DEBUG_INFO = INCLUDE_SOURCE;
				MTL_FAST_MATH = YES;
				ONLY_ACTIVE_ARCH = YES;
				SDKROOT = iphoneos;
				SWIFT_ACTIVE_COMPILATION_CONDITIONS = DEBUG;
				SWIFT_OPTIMIZATION_LEVEL = "-Onone";
			};
			name = Debug;
		};
		7F21CD4E24552BBB000DB8E5 /* Release */ = {
			isa = XCBuildConfiguration;
			buildSettings = {
				ALWAYS_SEARCH_USER_PATHS = NO;
				CLANG_ANALYZER_NONNULL = YES;
				CLANG_ANALYZER_NUMBER_OBJECT_CONVERSION = YES_AGGRESSIVE;
				CLANG_CXX_LANGUAGE_STANDARD = "gnu++14";
				CLANG_CXX_LIBRARY = "libc++";
				CLANG_ENABLE_MODULES = YES;
				CLANG_ENABLE_OBJC_ARC = YES;
				CLANG_ENABLE_OBJC_WEAK = YES;
				CLANG_WARN_BLOCK_CAPTURE_AUTORELEASING = YES;
				CLANG_WARN_BOOL_CONVERSION = YES;
				CLANG_WARN_COMMA = YES;
				CLANG_WARN_CONSTANT_CONVERSION = YES;
				CLANG_WARN_DEPRECATED_OBJC_IMPLEMENTATIONS = YES;
				CLANG_WARN_DIRECT_OBJC_ISA_USAGE = YES_ERROR;
				CLANG_WARN_DOCUMENTATION_COMMENTS = YES;
				CLANG_WARN_EMPTY_BODY = YES;
				CLANG_WARN_ENUM_CONVERSION = YES;
				CLANG_WARN_INFINITE_RECURSION = YES;
				CLANG_WARN_INT_CONVERSION = YES;
				CLANG_WARN_NON_LITERAL_NULL_CONVERSION = YES;
				CLANG_WARN_OBJC_IMPLICIT_RETAIN_SELF = YES;
				CLANG_WARN_OBJC_LITERAL_CONVERSION = YES;
				CLANG_WARN_OBJC_ROOT_CLASS = YES_ERROR;
				CLANG_WARN_QUOTED_INCLUDE_IN_FRAMEWORK_HEADER = YES;
				CLANG_WARN_RANGE_LOOP_ANALYSIS = YES;
				CLANG_WARN_STRICT_PROTOTYPES = YES;
				CLANG_WARN_SUSPICIOUS_MOVE = YES;
				CLANG_WARN_UNGUARDED_AVAILABILITY = YES_AGGRESSIVE;
				CLANG_WARN_UNREACHABLE_CODE = YES;
				CLANG_WARN__DUPLICATE_METHOD_MATCH = YES;
				COPY_PHASE_STRIP = NO;
				DEBUG_INFORMATION_FORMAT = "dwarf-with-dsym";
				ENABLE_NS_ASSERTIONS = NO;
				ENABLE_STRICT_OBJC_MSGSEND = YES;
				GCC_C_LANGUAGE_STANDARD = gnu11;
				GCC_NO_COMMON_BLOCKS = YES;
				GCC_WARN_64_TO_32_BIT_CONVERSION = YES;
				GCC_WARN_ABOUT_RETURN_TYPE = YES_ERROR;
				GCC_WARN_UNDECLARED_SELECTOR = YES;
				GCC_WARN_UNINITIALIZED_AUTOS = YES_AGGRESSIVE;
				GCC_WARN_UNUSED_FUNCTION = YES;
				GCC_WARN_UNUSED_VARIABLE = YES;
				IPHONEOS_DEPLOYMENT_TARGET = 13.4;
				MTL_ENABLE_DEBUG_INFO = NO;
				MTL_FAST_MATH = YES;
				SDKROOT = iphoneos;
				SWIFT_COMPILATION_MODE = wholemodule;
				SWIFT_OPTIMIZATION_LEVEL = "-O";
				VALIDATE_PRODUCT = YES;
			};
			name = Release;
		};
		7F21CD5024552BBB000DB8E5 /* Debug */ = {
			isa = XCBuildConfiguration;
			baseConfigurationReference = 225A770B1D7C7E3F4C8D9DD3 /* Pods-Test_ResponseEvent.debug.xcconfig */;
			buildSettings = {
				ASSETCATALOG_COMPILER_APPICON_NAME = AppIcon;
				CLANG_ENABLE_MODULES = YES;
				CODE_SIGN_STYLE = Automatic;
				DEVELOPMENT_TEAM = 9WLT2G298K;
				INFOPLIST_FILE = Test_ResponseEvent/Info.plist;
				IPHONEOS_DEPLOYMENT_TARGET = 12.0;
				LD_RUNPATH_SEARCH_PATHS = (
					"$(inherited)",
					"@executable_path/Frameworks",
				);
				PRODUCT_BUNDLE_IDENTIFIER = "com.X-Young.Test-ResponseEvent";
				PRODUCT_NAME = "$(TARGET_NAME)";
				SWIFT_OBJC_BRIDGING_HEADER = "Test_ResponseEvent/Resources/Test_ResponseEvent-Bridging-Header.h";
				SWIFT_OPTIMIZATION_LEVEL = "-Onone";
				SWIFT_VERSION = 5.0;
				TARGETED_DEVICE_FAMILY = "1,2";
			};
			name = Debug;
		};
		7F21CD5124552BBB000DB8E5 /* Release */ = {
			isa = XCBuildConfiguration;
			baseConfigurationReference = 2A3D0A5A160C9927395885D6 /* Pods-Test_ResponseEvent.release.xcconfig */;
			buildSettings = {
				ASSETCATALOG_COMPILER_APPICON_NAME = AppIcon;
				CLANG_ENABLE_MODULES = YES;
				CODE_SIGN_STYLE = Automatic;
				DEVELOPMENT_TEAM = 9WLT2G298K;
				INFOPLIST_FILE = Test_ResponseEvent/Info.plist;
				IPHONEOS_DEPLOYMENT_TARGET = 12.0;
				LD_RUNPATH_SEARCH_PATHS = (
					"$(inherited)",
					"@executable_path/Frameworks",
				);
				PRODUCT_BUNDLE_IDENTIFIER = "com.X-Young.Test-ResponseEvent";
				PRODUCT_NAME = "$(TARGET_NAME)";
				SWIFT_OBJC_BRIDGING_HEADER = "Test_ResponseEvent/Resources/Test_ResponseEvent-Bridging-Header.h";
				SWIFT_VERSION = 5.0;
				TARGETED_DEVICE_FAMILY = "1,2";
			};
			name = Release;
		};
/* End XCBuildConfiguration section */

/* Begin XCConfigurationList section */
		7F21CD2024552BB7000DB8E5 /* Build configuration list for PBXProject "Test_ResponseEvent" */ = {
			isa = XCConfigurationList;
			buildConfigurations = (
				7F21CD4D24552BBB000DB8E5 /* Debug */,
				7F21CD4E24552BBB000DB8E5 /* Release */,
			);
			defaultConfigurationIsVisible = 0;
			defaultConfigurationName = Release;
		};
		7F21CD4F24552BBB000DB8E5 /* Build configuration list for PBXNativeTarget "Test_ResponseEvent" */ = {
			isa = XCConfigurationList;
			buildConfigurations = (
				7F21CD5024552BBB000DB8E5 /* Debug */,
				7F21CD5124552BBB000DB8E5 /* Release */,
			);
			defaultConfigurationIsVisible = 0;
			defaultConfigurationName = Release;
		};
/* End XCConfigurationList section */
	};
	rootObject = 7F21CD1D24552BB7000DB8E5 /* Project object */;
}
